// !$*UTF8*$!
{
	archiveVersion = 1;
	classes = {
	};
	objectVersion = 55;
	objects = {

/* Begin PBXBuildFile section */
		2B5A326B27A13739005BB3FC /* AppDelegate.swift in Sources */ = {isa = PBXBuildFile; fileRef = 2B5A326A27A13739005BB3FC /* AppDelegate.swift */; };
		2B5A326D27A13739005BB3FC /* SceneDelegate.swift in Sources */ = {isa = PBXBuildFile; fileRef = 2B5A326C27A13739005BB3FC /* SceneDelegate.swift */; };
		2B5A326F27A13739005BB3FC /* ViewController.swift in Sources */ = {isa = PBXBuildFile; fileRef = 2B5A326E27A13739005BB3FC /* ViewController.swift */; };
		2B5A327227A13739005BB3FC /* Main.storyboard in Resources */ = {isa = PBXBuildFile; fileRef = 2B5A327027A13739005BB3FC /* Main.storyboard */; };
		2B5A327427A1373B005BB3FC /* Assets.xcassets in Resources */ = {isa = PBXBuildFile; fileRef = 2B5A327327A1373B005BB3FC /* Assets.xcassets */; };
		2B5A327727A1373B005BB3FC /* LaunchScreen.storyboard in Resources */ = {isa = PBXBuildFile; fileRef = 2B5A327527A1373B005BB3FC /* LaunchScreen.storyboard */; };
		C7E57EBA686353C3373DF515 /* Pods_CombinedScrollViewDemo.framework in Frameworks */ = {isa = PBXBuildFile; fileRef = 46E17F6B72A70665AECFB2D7 /* Pods_CombinedScrollViewDemo.framework */; };
/* End PBXBuildFile section */

/* Begin PBXFileReference section */
		2B5A326727A13739005BB3FC /* CombinedScrollViewDemo.app */ = {isa = PBXFileReference; explicitFileType = wrapper.application; includeInIndex = 0; path = CombinedScrollViewDemo.app; sourceTree = BUILT_PRODUCTS_DIR; };
		2B5A326A27A13739005BB3FC /* AppDelegate.swift */ = {isa = PBXFileReference; lastKnownFileType = sourcecode.swift; path = AppDelegate.swift; sourceTree = "<group>"; };
		2B5A326C27A13739005BB3FC /* SceneDelegate.swift */ = {isa = PBXFileReference; lastKnownFileType = sourcecode.swift; path = SceneDelegate.swift; sourceTree = "<group>"; };
		2B5A326E27A13739005BB3FC /* ViewController.swift */ = {isa = PBXFileReference; lastKnownFileType = sourcecode.swift; path = ViewController.swift; sourceTree = "<group>"; };
		2B5A327127A13739005BB3FC /* Base */ = {isa = PBXFileReference; lastKnownFileType = file.storyboard; name = Base; path = Base.lproj/Main.storyboard; sourceTree = "<group>"; };
		2B5A327327A1373B005BB3FC /* Assets.xcassets */ = {isa = PBXFileReference; lastKnownFileType = folder.assetcatalog; path = Assets.xcassets; sourceTree = "<group>"; };
		2B5A327627A1373B005BB3FC /* Base */ = {isa = PBXFileReference; lastKnownFileType = file.storyboard; name = Base; path = Base.lproj/LaunchScreen.storyboard; sourceTree = "<group>"; };
		2B5A327827A1373B005BB3FC /* Info.plist */ = {isa = PBXFileReference; lastKnownFileType = text.plist.xml; path = Info.plist; sourceTree = "<group>"; };
		46E17F6B72A70665AECFB2D7 /* Pods_CombinedScrollViewDemo.framework */ = {isa = PBXFileReference; explicitFileType = wrapper.framework; includeInIndex = 0; path = Pods_CombinedScrollViewDemo.framework; sourceTree = BUILT_PRODUCTS_DIR; };
		4A125E5A126E883BE11A4F49 /* Pods-CombinedScrollViewDemo.release.xcconfig */ = {isa = PBXFileReference; includeInIndex = 1; lastKnownFileType = text.xcconfig; name = "Pods-CombinedScrollViewDemo.release.xcconfig"; path = "Target Support Files/Pods-CombinedScrollViewDemo/Pods-CombinedScrollViewDemo.release.xcconfig"; sourceTree = "<group>"; };
		A89B95A23D7E58FF30180E23 /* Pods-CombinedScrollViewDemo.debug.xcconfig */ = {isa = PBXFileReference; includeInIndex = 1; lastKnownFileType = text.xcconfig; name = "Pods-CombinedScrollViewDemo.debug.xcconfig"; path = "Target Support Files/Pods-CombinedScrollViewDemo/Pods-CombinedScrollViewDemo.debug.xcconfig"; sourceTree = "<group>"; };
/* End PBXFileReference section */

/* Begin PBXFrameworksBuildPhase section */
		2B5A326427A13739005BB3FC /* Frameworks */ = {
			isa = PBXFrameworksBuildPhase;
			buildActionMask = 2147483647;
			files = (
				C7E57EBA686353C3373DF515 /* Pods_CombinedScrollViewDemo.framework in Frameworks */,
			);
			runOnlyForDeploymentPostprocessing = 0;
		};
/* End PBXFrameworksBuildPhase section */

/* Begin PBXGroup section */
		2145C47A5E1ACF68BDD6450C /* Pods */ = {
			isa = PBXGroup;
			children = (
				A89B95A23D7E58FF30180E23 /* Pods-CombinedScrollViewDemo.debug.xcconfig */,
				4A125E5A126E883BE11A4F49 /* Pods-CombinedScrollViewDemo.release.xcconfig */,
			);
			name = Pods;
			path = Pods;
			sourceTree = "<group>";
		};
		2B5A325E27A13738005BB3FC = {
			isa = PBXGroup;
			children = (
				2B5A326927A13739005BB3FC /* CombinedScrollViewDemo */,
				2B5A326827A13739005BB3FC /* Products */,
				2145C47A5E1ACF68BDD6450C /* Pods */,
				CEC950CE858C67BAE4DDD920 /* Frameworks */,
			);
			sourceTree = "<group>";
		};
		2B5A326827A13739005BB3FC /* Products */ = {
			isa = PBXGroup;
			children = (
				2B5A326727A13739005BB3FC /* CombinedScrollViewDemo.app */,
			);
			name = Products;
			sourceTree = "<group>";
		};
		2B5A326927A13739005BB3FC /* CombinedScrollViewDemo */ = {
			isa = PBXGroup;
			children = (
				2B5A326A27A13739005BB3FC /* AppDelegate.swift */,
				2B5A326C27A13739005BB3FC /* SceneDelegate.swift */,
				2B5A326E27A13739005BB3FC /* ViewController.swift */,
				2B5A327027A13739005BB3FC /* Main.storyboard */,
				2B5A327327A1373B005BB3FC /* Assets.xcassets */,
				2B5A327527A1373B005BB3FC /* LaunchScreen.storyboard */,
				2B5A327827A1373B005BB3FC /* Info.plist */,
			);
			path = CombinedScrollViewDemo;
			sourceTree = "<group>";
		};
		CEC950CE858C67BAE4DDD920 /* Frameworks */ = {
			isa = PBXGroup;
			children = (
				46E17F6B72A70665AECFB2D7 /* Pods_CombinedScrollViewDemo.framework */,
			);
			name = Frameworks;
			sourceTree = "<group>";
		};
/* End PBXGroup section */

/* Begin PBXNativeTarget section */
		2B5A326627A13739005BB3FC /* CombinedScrollViewDemo */ = {
			isa = PBXNativeTarget;
			buildConfigurationList = 2B5A327B27A1373B005BB3FC /* Build configuration list for PBXNativeTarget "CombinedScrollViewDemo" */;
			buildPhases = (
				8D7F4ED7B5B6443B3A01D205 /* [CP] Check Pods Manifest.lock */,
				2B5A326327A13739005BB3FC /* Sources */,
				2B5A326427A13739005BB3FC /* Frameworks */,
				2B5A326527A13739005BB3FC /* Resources */,
				4DD060303C8691F263F157AC /* [CP] Embed Pods Frameworks */,
			);
			buildRules = (
			);
			dependencies = (
			);
			name = CombinedScrollViewDemo;
			productName = CombinedScrollViewDemo;
			productReference = 2B5A326727A13739005BB3FC /* CombinedScrollViewDemo.app */;
			productType = "com.apple.product-type.application";
		};
/* End PBXNativeTarget section */

/* Begin PBXProject section */
		2B5A325F27A13738005BB3FC /* Project object */ = {
			isa = PBXProject;
			attributes = {
				BuildIndependentTargetsInParallel = 1;
				LastSwiftUpdateCheck = 1320;
				LastUpgradeCheck = 1320;
				TargetAttributes = {
					2B5A326627A13739005BB3FC = {
						CreatedOnToolsVersion = 13.2.1;
					};
				};
			};
			buildConfigurationList = 2B5A326227A13738005BB3FC /* Build configuration list for PBXProject "CombinedScrollViewDemo" */;
			compatibilityVersion = "Xcode 13.0";
			developmentRegion = en;
			hasScannedForEncodings = 0;
			knownRegions = (
				en,
				Base,
			);
			mainGroup = 2B5A325E27A13738005BB3FC;
			productRefGroup = 2B5A326827A13739005BB3FC /* Products */;
			projectDirPath = "";
			projectRoot = "";
			targets = (
				2B5A326627A13739005BB3FC /* CombinedScrollViewDemo */,
			);
		};
/* End PBXProject section */

/* Begin PBXResourcesBuildPhase section */
		2B5A326527A13739005BB3FC /* Resources */ = {
			isa = PBXResourcesBuildPhase;
			buildActionMask = 2147483647;
			files = (
				2B5A327727A1373B005BB3FC /* LaunchScreen.storyboard in Resources */,
				2B5A327427A1373B005BB3FC /* Assets.xcassets in Resources */,
				2B5A327227A13739005BB3FC /* Main.storyboard in Resources */,
			);
			runOnlyForDeploymentPostprocessing = 0;
		};
/* End PBXResourcesBuildPhase section */

/* Begin PBXShellScriptBuildPhase section */
		4DD060303C8691F263F157AC /* [CP] Embed Pods Frameworks */ = {
			isa = PBXShellScriptBuildPhase;
			buildActionMask = 2147483647;
			files = (
			);
			inputFileListPaths = (
				"${PODS_ROOT}/Target Support Files/Pods-CombinedScrollViewDemo/Pods-CombinedScrollViewDemo-frameworks-${CONFIGURATION}-input-files.xcfilelist",
			);
			name = "[CP] Embed Pods Frameworks";
			outputFileListPaths = (
				"${PODS_ROOT}/Target Support Files/Pods-CombinedScrollViewDemo/Pods-CombinedScrollViewDemo-frameworks-${CONFIGURATION}-output-files.xcfilelist",
			);
			runOnlyForDeploymentPostprocessing = 0;
			shellPath = /bin/sh;
			shellScript = "\"${PODS_ROOT}/Target Support Files/Pods-CombinedScrollViewDemo/Pods-CombinedScrollViewDemo-frameworks.sh\"\n";
			showEnvVarsInLog = 0;
		};
		8D7F4ED7B5B6443B3A01D205 /* [CP] Check Pods Manifest.lock */ = {
			isa = PBXShellScriptBuildPhase;
			buildActionMask = 2147483647;
			files = (
			);
			inputFileListPaths = (
			);
			inputPaths = (
				"${PODS_PODFILE_DIR_PATH}/Podfile.lock",
				"${PODS_ROOT}/Manifest.lock",
			);
			name = "[CP] Check Pods Manifest.lock";
			outputFileListPaths = (
			);
			outputPaths = (
				"$(DERIVED_FILE_DIR)/Pods-CombinedScrollViewDemo-checkManifestLockResult.txt",
			);
			runOnlyForDeploymentPostprocessing = 0;
			shellPath = /bin/sh;
			shellScript = "diff \"${PODS_PODFILE_DIR_PATH}/Podfile.lock\" \"${PODS_ROOT}/Manifest.lock\" > /dev/null\nif [ $? != 0 ] ; then\n    # print error to STDERR\n    echo \"error: The sandbox is not in sync with the Podfile.lock. Run 'pod install' or update your CocoaPods installation.\" >&2\n    exit 1\nfi\n# This output is used by Xcode 'outputs' to avoid re-running this script phase.\necho \"SUCCESS\" > \"${SCRIPT_OUTPUT_FILE_0}\"\n";
			showEnvVarsInLog = 0;
		};
/* End PBXShellScriptBuildPhase section */

/* Begin PBXSourcesBuildPhase section */
		2B5A326327A13739005BB3FC /* Sources */ = {
			isa = PBXSourcesBuildPhase;
			buildActionMask = 2147483647;
			files = (
				2B5A326F27A13739005BB3FC /* ViewController.swift in Sources */,
				2B5A326B27A13739005BB3FC /* AppDelegate.swift in Sources */,
				2B5A326D27A13739005BB3FC /* SceneDelegate.swift in Sources */,
			);
			runOnlyForDeploymentPostprocessing = 0;
		};
/* End PBXSourcesBuildPhase section */

/* Begin PBXVariantGroup section */
		2B5A327027A13739005BB3FC /* Main.storyboard */ = {
			isa = PBXVariantGroup;
			children = (
				2B5A327127A13739005BB3FC /* Base */,
			);
			name = Main.storyboard;
			sourceTree = "<group>";
		};
		2B5A327527A1373B005BB3FC /* LaunchScreen.storyboard */ = {
			isa = PBXVariantGroup;
			children = (
				2B5A327627A1373B005BB3FC /* Base */,
			);
			name = LaunchScreen.storyboard;
			sourceTree = "<group>";
		};
/* End PBXVariantGroup section */

/* Begin XCBuildConfiguration section */
		2B5A327927A1373B005BB3FC /* Debug */ = {
			isa = XCBuildConfiguration;
			buildSettings = {
				ALWAYS_SEARCH_USER_PATHS = NO;
				CLANG_ANALYZER_NONNULL = YES;
				CLANG_ANALYZER_NUMBER_OBJECT_CONVERSION = YES_AGGRESSIVE;
				CLANG_CXX_LANGUAGE_STANDARD = "gnu++17";
				CLANG_CXX_LIBRARY = "libc++";
				CLANG_ENABLE_MODULES = YES;
				CLANG_ENABLE_OBJC_ARC = YES;
				CLANG_ENABLE_OBJC_WEAK = YES;
				CLANG_WARN_BLOCK_CAPTURE_AUTORELEASING = YES;
				CLANG_WARN_BOOL_CONVERSION = YES;
				CLANG_WARN_COMMA = YES;
				CLANG_WARN_CONSTANT_CONVERSION = YES;
				CLANG_WARN_DEPRECATED_OBJC_IMPLEMENTATIONS = YES;
				CLANG_WARN_DIRECT_OBJC_ISA_USAGE = YES_ERROR;
				CLANG_WARN_DOCUMENTATION_COMMENTS = YES;
				CLANG_WARN_EMPTY_BODY = YES;
				CLANG_WARN_ENUM_CONVERSION = YES;
				CLANG_WARN_INFINITE_RECURSION = YES;
				CLANG_WARN_INT_CONVERSION = YES;
				CLANG_WARN_NON_LITERAL_NULL_CONVERSION = YES;
				CLANG_WARN_OBJC_IMPLICIT_RETAIN_SELF = YES;
				CLANG_WARN_OBJC_LITERAL_CONVERSION = YES;
				CLANG_WARN_OBJC_ROOT_CLASS = YES_ERROR;
				CLANG_WARN_QUOTED_INCLUDE_IN_FRAMEWORK_HEADER = YES;
				CLANG_WARN_RANGE_LOOP_ANALYSIS = YES;
				CLANG_WARN_STRICT_PROTOTYPES = YES;
				CLANG_WARN_SUSPICIOUS_MOVE = YES;
				CLANG_WARN_UNGUARDED_AVAILABILITY = YES_AGGRESSIVE;
				CLANG_WARN_UNREACHABLE_CODE = YES;
				CLANG_WARN__DUPLICATE_METHOD_MATCH = YES;
				COPY_PHASE_STRIP = NO;
				DEBUG_INFORMATION_FORMAT = dwarf;
				ENABLE_STRICT_OBJC_MSGSEND = YES;
				ENABLE_TESTABILITY = YES;
				GCC_C_LANGUAGE_STANDARD = gnu11;
				GCC_DYNAMIC_NO_PIC = NO;
				GCC_NO_COMMON_BLOCKS = YES;
				GCC_OPTIMIZATION_LEVEL = 0;
				GCC_PREPROCESSOR_DEFINITIONS = (
					"DEBUG=1",
					"$(inherited)",
				);
				GCC_WARN_64_TO_32_BIT_CONVERSION = YES;
				GCC_WARN_ABOUT_RETURN_TYPE = YES_ERROR;
				GCC_WARN_UNDECLARED_SELECTOR = YES;
				GCC_WARN_UNINITIALIZED_AUTOS = YES_AGGRESSIVE;
				GCC_WARN_UNUSED_FUNCTION = YES;
				GCC_WARN_UNUSED_VARIABLE = YES;
				IPHONEOS_DEPLOYMENT_TARGET = 15.2;
				MTL_ENABLE_DEBUG_INFO = INCLUDE_SOURCE;
				MTL_FAST_MATH = YES;
				ONLY_ACTIVE_ARCH = YES;
				SDKROOT = iphoneos;
				SWIFT_ACTIVE_COMPILATION_CONDITIONS = DEBUG;
				SWIFT_OPTIMIZATION_LEVEL = "-Onone";
			};
			name = Debug;
		};
		2B5A327A27A1373B005BB3FC /* Release */ = {
			isa = XCBuildConfiguration;
			buildSettings = {
				ALWAYS_SEARCH_USER_PATHS = NO;
				CLANG_ANALYZER_NONNULL = YES;
				CLANG_ANALYZER_NUMBER_OBJECT_CONVERSION = YES_AGGRESSIVE;
				CLANG_CXX_LANGUAGE_STANDARD = "gnu++17";
				CLANG_CXX_LIBRARY = "libc++";
				CLANG_ENABLE_MODULES = YES;
				CLANG_ENABLE_OBJC_ARC = YES;
				CLANG_ENABLE_OBJC_WEAK = YES;
				CLANG_WARN_BLOCK_CAPTURE_AUTORELEASING = YES;
				CLANG_WARN_BOOL_CONVERSION = YES;
				CLANG_WARN_COMMA = YES;
				CLANG_WARN_CONSTANT_CONVERSION = YES;
				CLANG_WARN_DEPRECATED_OBJC_IMPLEMENTATIONS = YES;
				CLANG_WARN_DIRECT_OBJC_ISA_USAGE = YES_ERROR;
				CLANG_WARN_DOCUMENTATION_COMMENTS = YES;
				CLANG_WARN_EMPTY_BODY = YES;
				CLANG_WARN_ENUM_CONVERSION = YES;
				CLANG_WARN_INFINITE_RECURSION = YES;
				CLANG_WARN_INT_CONVERSION = YES;
				CLANG_WARN_NON_LITERAL_NULL_CONVERSION = YES;
				CLANG_WARN_OBJC_IMPLICIT_RETAIN_SELF = YES;
				CLANG_WARN_OBJC_LITERAL_CONVERSION = YES;
				CLANG_WARN_OBJC_ROOT_CLASS = YES_ERROR;
				CLANG_WARN_QUOTED_INCLUDE_IN_FRAMEWORK_HEADER = YES;
				CLANG_WARN_RANGE_LOOP_ANALYSIS = YES;
				CLANG_WARN_STRICT_PROTOTYPES = YES;
				CLANG_WARN_SUSPICIOUS_MOVE = YES;
				CLANG_WARN_UNGUARDED_AVAILABILITY = YES_AGGRESSIVE;
				CLANG_WARN_UNREACHABLE_CODE = YES;
				CLANG_WARN__DUPLICATE_METHOD_MATCH = YES;
				COPY_PHASE_STRIP = NO;
				DEBUG_INFORMATION_FORMAT = "dwarf-with-dsym";
				ENABLE_NS_ASSERTIONS = NO;
				ENABLE_STRICT_OBJC_MSGSEND = YES;
				GCC_C_LANGUAGE_STANDARD = gnu11;
				GCC_NO_COMMON_BLOCKS = YES;
				GCC_WARN_64_TO_32_BIT_CONVERSION = YES;
				GCC_WARN_ABOUT_RETURN_TYPE = YES_ERROR;
				GCC_WARN_UNDECLARED_SELECTOR = YES;
				GCC_WARN_UNINITIALIZED_AUTOS = YES_AGGRESSIVE;
				GCC_WARN_UNUSED_FUNCTION = YES;
				GCC_WARN_UNUSED_VARIABLE = YES;
				IPHONEOS_DEPLOYMENT_TARGET = 15.2;
				MTL_ENABLE_DEBUG_INFO = NO;
				MTL_FAST_MATH = YES;
				SDKROOT = iphoneos;
				SWIFT_COMPILATION_MODE = wholemodule;
				SWIFT_OPTIMIZATION_LEVEL = "-O";
				VALIDATE_PRODUCT = YES;
			};
			name = Release;
		};
		2B5A327C27A1373B005BB3FC /* Debug */ = {
			isa = XCBuildConfiguration;
			baseConfigurationReference = A89B95A23D7E58FF30180E23 /* Pods-CombinedScrollViewDemo.debug.xcconfig */;
			buildSettings = {
				ASSETCATALOG_COMPILER_APPICON_NAME = AppIcon;
				ASSETCATALOG_COMPILER_GLOBAL_ACCENT_COLOR_NAME = AccentColor;
				CODE_SIGN_STYLE = Automatic;
				CURRENT_PROJECT_VERSION = 1;
				GENERATE_INFOPLIST_FILE = YES;
				INFOPLIST_FILE = CombinedScrollViewDemo/Info.plist;
				INFOPLIST_KEY_UIApplicationSupportsIndirectInputEvents = YES;
				INFOPLIST_KEY_UILaunchStoryboardName = LaunchScreen;
				INFOPLIST_KEY_UIMainStoryboardFile = Main;
				INFOPLIST_KEY_UISupportedInterfaceOrientations_iPad = "UIInterfaceOrientationPortrait UIInterfaceOrientationPortraitUpsideDown UIInterfaceOrientationLandscapeLeft UIInterfaceOrientationLandscapeRight";
				INFOPLIST_KEY_UISupportedInterfaceOrientations_iPhone = "UIInterfaceOrientationPortrait UIInterfaceOrientationLandscapeLeft UIInterfaceOrientationLandscapeRight";
				LD_RUNPATH_SEARCH_PATHS = (
					"$(inherited)",
					"@executable_path/Frameworks",
				);
				MARKETING_VERSION = 1.0;
				PRODUCT_BUNDLE_IDENTIFIER = com.tomychen.CombinedScrollViewDemo;
				PRODUCT_NAME = "$(TARGET_NAME)";
				SWIFT_EMIT_LOC_STRINGS = YES;
				SWIFT_VERSION = 5.0;
				TARGETED_DEVICE_FAMILY = "1,2";
			};
			name = Debug;
		};
		2B5A327D27A1373B005BB3FC /* Release */ = {
			isa = XCBuildConfiguration;
			baseConfigurationReference = 4A125E5A126E883BE11A4F49 /* Pods-CombinedScrollViewDemo.release.xcconfig */;
			buildSettings = {
				ASSETCATALOG_COMPILER_APPICON_NAME = AppIcon;
				ASSETCATALOG_COMPILER_GLOBAL_ACCENT_COLOR_NAME = AccentColor;
				CODE_SIGN_STYLE = Automatic;
				CURRENT_PROJECT_VERSION = 1;
				GENERATE_INFOPLIST_FILE = YES;
				INFOPLIST_FILE = CombinedScrollViewDemo/Info.plist;
				INFOPLIST_KEY_UIApplicationSupportsIndirectInputEvents = YES;
				INFOPLIST_KEY_UILaunchStoryboardName = LaunchScreen;
				INFOPLIST_KEY_UIMainStoryboardFile = Main;
				INFOPLIST_KEY_UISupportedInterfaceOrientations_iPad = "UIInterfaceOrientationPortrait UIInterfaceOrientationPortraitUpsideDown UIInterfaceOrientationLandscapeLeft UIInterfaceOrientationLandscapeRight";
				INFOPLIST_KEY_UISupportedInterfaceOrientations_iPhone = "UIInterfaceOrientationPortrait UIInterfaceOrientationLandscapeLeft UIInterfaceOrientationLandscapeRight";
				LD_RUNPATH_SEARCH_PATHS = (
					"$(inherited)",
					"@executable_path/Frameworks",
				);
				MARKETING_VERSION = 1.0;
				PRODUCT_BUNDLE_IDENTIFIER = com.tomychen.CombinedScrollViewDemo;
				PRODUCT_NAME = "$(TARGET_NAME)";
				SWIFT_EMIT_LOC_STRINGS = YES;
				SWIFT_VERSION = 5.0;
				TARGETED_DEVICE_FAMILY = "1,2";
			};
			name = Release;
		};
/* End XCBuildConfiguration section */

/* Begin XCConfigurationList section */
		2B5A326227A13738005BB3FC /* Build configuration list for PBXProject "CombinedScrollViewDemo" */ = {
			isa = XCConfigurationList;
			buildConfigurations = (
				2B5A327927A1373B005BB3FC /* Debug */,
				2B5A327A27A1373B005BB3FC /* Release */,
			);
			defaultConfigurationIsVisible = 0;
			defaultConfigurationName = Release;
		};
		2B5A327B27A1373B005BB3FC /* Build configuration list for PBXNativeTarget "CombinedScrollViewDemo" */ = {
			isa = XCConfigurationList;
			buildConfigurations = (
				2B5A327C27A1373B005BB3FC /* Debug */,
				2B5A327D27A1373B005BB3FC /* Release */,
			);
			defaultConfigurationIsVisible = 0;
			defaultConfigurationName = Release;
		};
/* End XCConfigurationList section */
	};
	rootObject = 2B5A325F27A13738005BB3FC /* Project object */;
}
